// !$*UTF8*$!
{
	archiveVersion = 1;
	classes = {
	};
	objectVersion = 56;
	objects = {

/* Begin PBXBuildFile section */
		8413AAD72C4EE90F001B3845 /* Test.swift in Sources */ = {isa = PBXBuildFile; fileRef = 8413AAD62C4EE90F001B3845 /* Test.swift */; };
		842642032C4B377800A86B8E /* View+randomBackground.swift in Sources */ = {isa = PBXBuildFile; fileRef = 842642022C4B377800A86B8E /* View+randomBackground.swift */; };
		842642072C4B3C7200A86B8E /* ConditionalContent.swift in Sources */ = {isa = PBXBuildFile; fileRef = 842642062C4B3C7200A86B8E /* ConditionalContent.swift */; };
		842642092C4B3D3B00A86B8E /* ObservationDemo.swift in Sources */ = {isa = PBXBuildFile; fileRef = 842642082C4B3D3B00A86B8E /* ObservationDemo.swift */; };
		8426420B2C4B3EC700A86B8E /* ViewModifierExtraction.swift in Sources */ = {isa = PBXBuildFile; fileRef = 8426420A2C4B3EC700A86B8E /* ViewModifierExtraction.swift */; };
		8426420D2C4B3F8900A86B8E /* TestListBindable.swift in Sources */ = {isa = PBXBuildFile; fileRef = 8426420C2C4B3F8900A86B8E /* TestListBindable.swift */; };
		842642132C4C069D00A86B8E /* PassingValuesDown.swift in Sources */ = {isa = PBXBuildFile; fileRef = 842642122C4C069D00A86B8E /* PassingValuesDown.swift */; };
		848CAE5B2C4B364500AD49C3 /* RedraweeApp.swift in Sources */ = {isa = PBXBuildFile; fileRef = 848CAE5A2C4B364500AD49C3 /* RedraweeApp.swift */; };
		848CAE5D2C4B364500AD49C3 /* ContentView.swift in Sources */ = {isa = PBXBuildFile; fileRef = 848CAE5C2C4B364500AD49C3 /* ContentView.swift */; };
		848CAE5F2C4B364700AD49C3 /* Assets.xcassets in Resources */ = {isa = PBXBuildFile; fileRef = 848CAE5E2C4B364700AD49C3 /* Assets.xcassets */; };
		848CAE622C4B364700AD49C3 /* Preview Assets.xcassets in Resources */ = {isa = PBXBuildFile; fileRef = 848CAE612C4B364700AD49C3 /* Preview Assets.xcassets */; };
		848CAE6A2C4B367E00AD49C3 /* IdModifier.swift in Sources */ = {isa = PBXBuildFile; fileRef = 848CAE692C4B367E00AD49C3 /* IdModifier.swift */; };
		848CAE6C2C4B36E300AD49C3 /* SubviewExtraction.swift in Sources */ = {isa = PBXBuildFile; fileRef = 848CAE6B2C4B36E300AD49C3 /* SubviewExtraction.swift */; };
		848F585F2C53DDAE0064CDF1 /* TestRawState.swift in Sources */ = {isa = PBXBuildFile; fileRef = 848F585E2C53DDAE0064CDF1 /* TestRawState.swift */; };
		848F58612C56F13B0064CDF1 /* TestObservableBranch.swift in Sources */ = {isa = PBXBuildFile; fileRef = 848F58602C56F13B0064CDF1 /* TestObservableBranch.swift */; };
		849538F72C52C585002C9B59 /* ForEachBindingTest.swift in Sources */ = {isa = PBXBuildFile; fileRef = 849538F62C52C585002C9B59 /* ForEachBindingTest.swift */; };
		849538F92C52CB39002C9B59 /* TestObscureAnyView.swift in Sources */ = {isa = PBXBuildFile; fileRef = 849538F82C52CB39002C9B59 /* TestObscureAnyView.swift */; };
		84BED6E22C4E52810049BAC9 /* TestEquatableView.swift in Sources */ = {isa = PBXBuildFile; fileRef = 84BED6E12C4E52810049BAC9 /* TestEquatableView.swift */; };
		84BED6E42C4E70A50049BAC9 /* TestFatBobMan.swift in Sources */ = {isa = PBXBuildFile; fileRef = 84BED6E32C4E70A50049BAC9 /* TestFatBobMan.swift */; };
/* End PBXBuildFile section */

/* Begin PBXFileReference section */
		8413AAD62C4EE90F001B3845 /* Test.swift */ = {isa = PBXFileReference; lastKnownFileType = sourcecode.swift; path = Test.swift; sourceTree = "<group>"; };
		842642022C4B377800A86B8E /* View+randomBackground.swift */ = {isa = PBXFileReference; lastKnownFileType = sourcecode.swift; path = "View+randomBackground.swift"; sourceTree = "<group>"; };
		842642062C4B3C7200A86B8E /* ConditionalContent.swift */ = {isa = PBXFileReference; lastKnownFileType = sourcecode.swift; path = ConditionalContent.swift; sourceTree = "<group>"; };
		842642082C4B3D3B00A86B8E /* ObservationDemo.swift */ = {isa = PBXFileReference; lastKnownFileType = sourcecode.swift; path = ObservationDemo.swift; sourceTree = "<group>"; };
		8426420A2C4B3EC700A86B8E /* ViewModifierExtraction.swift */ = {isa = PBXFileReference; lastKnownFileType = sourcecode.swift; path = ViewModifierExtraction.swift; sourceTree = "<group>"; };
		8426420C2C4B3F8900A86B8E /* TestListBindable.swift */ = {isa = PBXFileReference; lastKnownFileType = sourcecode.swift; path = TestListBindable.swift; sourceTree = "<group>"; };
		842642122C4C069D00A86B8E /* PassingValuesDown.swift */ = {isa = PBXFileReference; lastKnownFileType = sourcecode.swift; path = PassingValuesDown.swift; sourceTree = "<group>"; };
		848CAE572C4B364500AD49C3 /* Redrawee.app */ = {isa = PBXFileReference; explicitFileType = wrapper.application; includeInIndex = 0; path = Redrawee.app; sourceTree = BUILT_PRODUCTS_DIR; };
		848CAE5A2C4B364500AD49C3 /* RedraweeApp.swift */ = {isa = PBXFileReference; lastKnownFileType = sourcecode.swift; path = RedraweeApp.swift; sourceTree = "<group>"; };
		848CAE5C2C4B364500AD49C3 /* ContentView.swift */ = {isa = PBXFileReference; lastKnownFileType = sourcecode.swift; path = ContentView.swift; sourceTree = "<group>"; };
		848CAE5E2C4B364700AD49C3 /* Assets.xcassets */ = {isa = PBXFileReference; lastKnownFileType = folder.assetcatalog; path = Assets.xcassets; sourceTree = "<group>"; };
		848CAE612C4B364700AD49C3 /* Preview Assets.xcassets */ = {isa = PBXFileReference; lastKnownFileType = folder.assetcatalog; path = "Preview Assets.xcassets"; sourceTree = "<group>"; };
		848CAE692C4B367E00AD49C3 /* IdModifier.swift */ = {isa = PBXFileReference; lastKnownFileType = sourcecode.swift; path = IdModifier.swift; sourceTree = "<group>"; };
		848CAE6B2C4B36E300AD49C3 /* SubviewExtraction.swift */ = {isa = PBXFileReference; lastKnownFileType = sourcecode.swift; path = SubviewExtraction.swift; sourceTree = "<group>"; };
		848F585E2C53DDAE0064CDF1 /* TestRawState.swift */ = {isa = PBXFileReference; lastKnownFileType = sourcecode.swift; path = TestRawState.swift; sourceTree = "<group>"; };
		848F58602C56F13B0064CDF1 /* TestObservableBranch.swift */ = {isa = PBXFileReference; lastKnownFileType = sourcecode.swift; path = TestObservableBranch.swift; sourceTree = "<group>"; };
		849538F62C52C585002C9B59 /* ForEachBindingTest.swift */ = {isa = PBXFileReference; lastKnownFileType = sourcecode.swift; path = ForEachBindingTest.swift; sourceTree = "<group>"; };
		849538F82C52CB39002C9B59 /* TestObscureAnyView.swift */ = {isa = PBXFileReference; lastKnownFileType = sourcecode.swift; path = TestObscureAnyView.swift; sourceTree = "<group>"; };
		84BED6E12C4E52810049BAC9 /* TestEquatableView.swift */ = {isa = PBXFileReference; lastKnownFileType = sourcecode.swift; path = TestEquatableView.swift; sourceTree = "<group>"; };
		84BED6E32C4E70A50049BAC9 /* TestFatBobMan.swift */ = {isa = PBXFileReference; lastKnownFileType = sourcecode.swift; path = TestFatBobMan.swift; sourceTree = "<group>"; };
/* End PBXFileReference section */

/* Begin PBXFrameworksBuildPhase section */
		848CAE542C4B364500AD49C3 /* Frameworks */ = {
			isa = PBXFrameworksBuildPhase;
			buildActionMask = 2147483647;
			files = (
			);
			runOnlyForDeploymentPostprocessing = 0;
		};
/* End PBXFrameworksBuildPhase section */

/* Begin PBXGroup section */
		842642012C4B376500A86B8E /* Utils */ = {
			isa = PBXGroup;
			children = (
				842642022C4B377800A86B8E /* View+randomBackground.swift */,
			);
			path = Utils;
			sourceTree = "<group>";
		};
		842642042C4B3B2C00A86B8E /* ObservableObjects */ = {
			isa = PBXGroup;
			children = (
				842642082C4B3D3B00A86B8E /* ObservationDemo.swift */,
			);
			path = ObservableObjects;
			sourceTree = "<group>";
		};
		842642052C4B3B5F00A86B8E /* Application */ = {
			isa = PBXGroup;
			children = (
				848CAE5A2C4B364500AD49C3 /* RedraweeApp.swift */,
				848CAE5C2C4B364500AD49C3 /* ContentView.swift */,
			);
			path = Application;
			sourceTree = "<group>";
		};
		84711F862C4C196300B5C0AA /* Redrawee */ = {
			isa = PBXGroup;
			children = (
				848F58622C57DE6D0064CDF1 /* TestingHypothesis */,
				842642052C4B3B5F00A86B8E /* Application */,
				848CAE682C4B366300AD49C3 /* Redraws */,
				842642042C4B3B2C00A86B8E /* ObservableObjects */,
				842642012C4B376500A86B8E /* Utils */,
				848CAE5E2C4B364700AD49C3 /* Assets.xcassets */,
				848CAE602C4B364700AD49C3 /* Preview Content */,
			);
			path = Redrawee;
			sourceTree = "<group>";
		};
		848CAE4E2C4B364500AD49C3 = {
			isa = PBXGroup;
			children = (
				84711F862C4C196300B5C0AA /* Redrawee */,
				848CAE582C4B364500AD49C3 /* Products */,
			);
			sourceTree = "<group>";
		};
		848CAE582C4B364500AD49C3 /* Products */ = {
			isa = PBXGroup;
			children = (
				848CAE572C4B364500AD49C3 /* Redrawee.app */,
			);
			name = Products;
			sourceTree = "<group>";
		};
		848CAE602C4B364700AD49C3 /* Preview Content */ = {
			isa = PBXGroup;
			children = (
				848CAE612C4B364700AD49C3 /* Preview Assets.xcassets */,
			);
			path = "Preview Content";
			sourceTree = "<group>";
		};
		848CAE682C4B366300AD49C3 /* Redraws */ = {
			isa = PBXGroup;
			children = (
				842642122C4C069D00A86B8E /* PassingValuesDown.swift */,
				848CAE692C4B367E00AD49C3 /* IdModifier.swift */,
				848CAE6B2C4B36E300AD49C3 /* SubviewExtraction.swift */,
				842642062C4B3C7200A86B8E /* ConditionalContent.swift */,
				8426420A2C4B3EC700A86B8E /* ViewModifierExtraction.swift */,
			);
			path = Redraws;
			sourceTree = "<group>";
		};
		848F58622C57DE6D0064CDF1 /* TestingHypothesis */ = {
			isa = PBXGroup;
			children = (
				84BED6E12C4E52810049BAC9 /* TestEquatableView.swift */,
				84BED6E32C4E70A50049BAC9 /* TestFatBobMan.swift */,
				849538F62C52C585002C9B59 /* ForEachBindingTest.swift */,
				8413AAD62C4EE90F001B3845 /* Test.swift */,
				849538F82C52CB39002C9B59 /* TestObscureAnyView.swift */,
				848F585E2C53DDAE0064CDF1 /* TestRawState.swift */,
				8426420C2C4B3F8900A86B8E /* TestListBindable.swift */,
				848F58602C56F13B0064CDF1 /* TestObservableBranch.swift */,
			);
			path = TestingHypothesis;
			sourceTree = "<group>";
		};
/* End PBXGroup section */

/* Begin PBXNativeTarget section */
		848CAE562C4B364500AD49C3 /* Redrawee */ = {
			isa = PBXNativeTarget;
			buildConfigurationList = 848CAE652C4B364700AD49C3 /* Build configuration list for PBXNativeTarget "Redrawee" */;
			buildPhases = (
				848CAE532C4B364500AD49C3 /* Sources */,
				848CAE542C4B364500AD49C3 /* Frameworks */,
				848CAE552C4B364500AD49C3 /* Resources */,
			);
			buildRules = (
			);
			dependencies = (
			);
			name = Redrawee;
			productName = SwiftUIConcepts;
			productReference = 848CAE572C4B364500AD49C3 /* Redrawee.app */;
			productType = "com.apple.product-type.application";
		};
/* End PBXNativeTarget section */

/* Begin PBXProject section */
		848CAE4F2C4B364500AD49C3 /* Project object */ = {
			isa = PBXProject;
			attributes = {
				BuildIndependentTargetsInParallel = 1;
				LastSwiftUpdateCheck = 1530;
				LastUpgradeCheck = 1530;
				TargetAttributes = {
					848CAE562C4B364500AD49C3 = {
						CreatedOnToolsVersion = 15.3;
					};
				};
			};
			buildConfigurationList = 848CAE522C4B364500AD49C3 /* Build configuration list for PBXProject "Redrawee" */;
			compatibilityVersion = "Xcode 14.0";
			developmentRegion = en;
			hasScannedForEncodings = 0;
			knownRegions = (
				en,
				Base,
			);
			mainGroup = 848CAE4E2C4B364500AD49C3;
			productRefGroup = 848CAE582C4B364500AD49C3 /* Products */;
			projectDirPath = "";
			projectRoot = "";
			targets = (
				848CAE562C4B364500AD49C3 /* Redrawee */,
			);
		};
/* End PBXProject section */

/* Begin PBXResourcesBuildPhase section */
		848CAE552C4B364500AD49C3 /* Resources */ = {
			isa = PBXResourcesBuildPhase;
			buildActionMask = 2147483647;
			files = (
				848CAE622C4B364700AD49C3 /* Preview Assets.xcassets in Resources */,
				848CAE5F2C4B364700AD49C3 /* Assets.xcassets in Resources */,
			);
			runOnlyForDeploymentPostprocessing = 0;
		};
/* End PBXResourcesBuildPhase section */

/* Begin PBXSourcesBuildPhase section */
		848CAE532C4B364500AD49C3 /* Sources */ = {
			isa = PBXSourcesBuildPhase;
			buildActionMask = 2147483647;
			files = (
				849538F92C52CB39002C9B59 /* TestObscureAnyView.swift in Sources */,
				842642072C4B3C7200A86B8E /* ConditionalContent.swift in Sources */,
				848CAE6C2C4B36E300AD49C3 /* SubviewExtraction.swift in Sources */,
				848F58612C56F13B0064CDF1 /* TestObservableBranch.swift in Sources */,
				849538F72C52C585002C9B59 /* ForEachBindingTest.swift in Sources */,
				842642132C4C069D00A86B8E /* PassingValuesDown.swift in Sources */,
				8426420B2C4B3EC700A86B8E /* ViewModifierExtraction.swift in Sources */,
				848CAE5D2C4B364500AD49C3 /* ContentView.swift in Sources */,
				84BED6E42C4E70A50049BAC9 /* TestFatBobMan.swift in Sources */,
				848F585F2C53DDAE0064CDF1 /* TestRawState.swift in Sources */,
				8413AAD72C4EE90F001B3845 /* Test.swift in Sources */,
				842642092C4B3D3B00A86B8E /* ObservationDemo.swift in Sources */,
				848CAE6A2C4B367E00AD49C3 /* IdModifier.swift in Sources */,
				842642032C4B377800A86B8E /* View+randomBackground.swift in Sources */,
				84BED6E22C4E52810049BAC9 /* TestEquatableView.swift in Sources */,
				848CAE5B2C4B364500AD49C3 /* RedraweeApp.swift in Sources */,
				8426420D2C4B3F8900A86B8E /* TestListBindable.swift in Sources */,
			);
			runOnlyForDeploymentPostprocessing = 0;
		};
/* End PBXSourcesBuildPhase section */

/* Begin XCBuildConfiguration section */
		848CAE632C4B364700AD49C3 /* Debug */ = {
			isa = XCBuildConfiguration;
			buildSettings = {
				ALWAYS_SEARCH_USER_PATHS = NO;
				ASSETCATALOG_COMPILER_GENERATE_SWIFT_ASSET_SYMBOL_EXTENSIONS = YES;
				CLANG_ANALYZER_NONNULL = YES;
				CLANG_ANALYZER_NUMBER_OBJECT_CONVERSION = YES_AGGRESSIVE;
				CLANG_CXX_LANGUAGE_STANDARD = "gnu++20";
				CLANG_ENABLE_MODULES = YES;
				CLANG_ENABLE_OBJC_ARC = YES;
				CLANG_ENABLE_OBJC_WEAK = YES;
				CLANG_WARN_BLOCK_CAPTURE_AUTORELEASING = YES;
				CLANG_WARN_BOOL_CONVERSION = YES;
				CLANG_WARN_COMMA = YES;
				CLANG_WARN_CONSTANT_CONVERSION = YES;
				CLANG_WARN_DEPRECATED_OBJC_IMPLEMENTATIONS = YES;
				CLANG_WARN_DIRECT_OBJC_ISA_USAGE = YES_ERROR;
				CLANG_WARN_DOCUMENTATION_COMMENTS = YES;
				CLANG_WARN_EMPTY_BODY = YES;
				CLANG_WARN_ENUM_CONVERSION = YES;
				CLANG_WARN_INFINITE_RECURSION = YES;
				CLANG_WARN_INT_CONVERSION = YES;
				CLANG_WARN_NON_LITERAL_NULL_CONVERSION = YES;
				CLANG_WARN_OBJC_IMPLICIT_RETAIN_SELF = YES;
				CLANG_WARN_OBJC_LITERAL_CONVERSION = YES;
				CLANG_WARN_OBJC_ROOT_CLASS = YES_ERROR;
				CLANG_WARN_QUOTED_INCLUDE_IN_FRAMEWORK_HEADER = YES;
				CLANG_WARN_RANGE_LOOP_ANALYSIS = YES;
				CLANG_WARN_STRICT_PROTOTYPES = YES;
				CLANG_WARN_SUSPICIOUS_MOVE = YES;
				CLANG_WARN_UNGUARDED_AVAILABILITY = YES_AGGRESSIVE;
				CLANG_WARN_UNREACHABLE_CODE = YES;
				CLANG_WARN__DUPLICATE_METHOD_MATCH = YES;
				COPY_PHASE_STRIP = NO;
				DEBUG_INFORMATION_FORMAT = dwarf;
				ENABLE_STRICT_OBJC_MSGSEND = YES;
				ENABLE_TESTABILITY = YES;
				ENABLE_USER_SCRIPT_SANDBOXING = YES;
				GCC_C_LANGUAGE_STANDARD = gnu17;
				GCC_DYNAMIC_NO_PIC = NO;
				GCC_NO_COMMON_BLOCKS = YES;
				GCC_OPTIMIZATION_LEVEL = 0;
				GCC_PREPROCESSOR_DEFINITIONS = (
					"DEBUG=1",
					"$(inherited)",
				);
				GCC_WARN_64_TO_32_BIT_CONVERSION = YES;
				GCC_WARN_ABOUT_RETURN_TYPE = YES_ERROR;
				GCC_WARN_UNDECLARED_SELECTOR = YES;
				GCC_WARN_UNINITIALIZED_AUTOS = YES_AGGRESSIVE;
				GCC_WARN_UNUSED_FUNCTION = YES;
				GCC_WARN_UNUSED_VARIABLE = YES;
				IPHONEOS_DEPLOYMENT_TARGET = 17.4;
				LOCALIZATION_PREFERS_STRING_CATALOGS = YES;
				MTL_ENABLE_DEBUG_INFO = INCLUDE_SOURCE;
				MTL_FAST_MATH = YES;
				ONLY_ACTIVE_ARCH = YES;
				SDKROOT = iphoneos;
				SWIFT_ACTIVE_COMPILATION_CONDITIONS = "DEBUG $(inherited)";
				SWIFT_OPTIMIZATION_LEVEL = "-Onone";
			};
			name = Debug;
		};
		848CAE642C4B364700AD49C3 /* Release */ = {
			isa = XCBuildConfiguration;
			buildSettings = {
				ALWAYS_SEARCH_USER_PATHS = NO;
				ASSETCATALOG_COMPILER_GENERATE_SWIFT_ASSET_SYMBOL_EXTENSIONS = YES;
				CLANG_ANALYZER_NONNULL = YES;
				CLANG_ANALYZER_NUMBER_OBJECT_CONVERSION = YES_AGGRESSIVE;
				CLANG_CXX_LANGUAGE_STANDARD = "gnu++20";
				CLANG_ENABLE_MODULES = YES;
				CLANG_ENABLE_OBJC_ARC = YES;
				CLANG_ENABLE_OBJC_WEAK = YES;
				CLANG_WARN_BLOCK_CAPTURE_AUTORELEASING = YES;
				CLANG_WARN_BOOL_CONVERSION = YES;
				CLANG_WARN_COMMA = YES;
				CLANG_WARN_CONSTANT_CONVERSION = YES;
				CLANG_WARN_DEPRECATED_OBJC_IMPLEMENTATIONS = YES;
				CLANG_WARN_DIRECT_OBJC_ISA_USAGE = YES_ERROR;
				CLANG_WARN_DOCUMENTATION_COMMENTS = YES;
				CLANG_WARN_EMPTY_BODY = YES;
				CLANG_WARN_ENUM_CONVERSION = YES;
				CLANG_WARN_INFINITE_RECURSION = YES;
				CLANG_WARN_INT_CONVERSION = YES;
				CLANG_WARN_NON_LITERAL_NULL_CONVERSION = YES;
				CLANG_WARN_OBJC_IMPLICIT_RETAIN_SELF = YES;
				CLANG_WARN_OBJC_LITERAL_CONVERSION = YES;
				CLANG_WARN_OBJC_ROOT_CLASS = YES_ERROR;
				CLANG_WARN_QUOTED_INCLUDE_IN_FRAMEWORK_HEADER = YES;
				CLANG_WARN_RANGE_LOOP_ANALYSIS = YES;
				CLANG_WARN_STRICT_PROTOTYPES = YES;
				CLANG_WARN_SUSPICIOUS_MOVE = YES;
				CLANG_WARN_UNGUARDED_AVAILABILITY = YES_AGGRESSIVE;
				CLANG_WARN_UNREACHABLE_CODE = YES;
				CLANG_WARN__DUPLICATE_METHOD_MATCH = YES;
				COPY_PHASE_STRIP = NO;
				DEBUG_INFORMATION_FORMAT = "dwarf-with-dsym";
				ENABLE_NS_ASSERTIONS = NO;
				ENABLE_STRICT_OBJC_MSGSEND = YES;
				ENABLE_USER_SCRIPT_SANDBOXING = YES;
				GCC_C_LANGUAGE_STANDARD = gnu17;
				GCC_NO_COMMON_BLOCKS = YES;
				GCC_WARN_64_TO_32_BIT_CONVERSION = YES;
				GCC_WARN_ABOUT_RETURN_TYPE = YES_ERROR;
				GCC_WARN_UNDECLARED_SELECTOR = YES;
				GCC_WARN_UNINITIALIZED_AUTOS = YES_AGGRESSIVE;
				GCC_WARN_UNUSED_FUNCTION = YES;
				GCC_WARN_UNUSED_VARIABLE = YES;
				IPHONEOS_DEPLOYMENT_TARGET = 17.4;
				LOCALIZATION_PREFERS_STRING_CATALOGS = YES;
				MTL_ENABLE_DEBUG_INFO = NO;
				MTL_FAST_MATH = YES;
				SDKROOT = iphoneos;
				SWIFT_COMPILATION_MODE = wholemodule;
				VALIDATE_PRODUCT = YES;
			};
			name = Release;
		};
		848CAE662C4B364700AD49C3 /* Debug */ = {
			isa = XCBuildConfiguration;
			buildSettings = {
				ASSETCATALOG_COMPILER_APPICON_NAME = AppIcon;
				ASSETCATALOG_COMPILER_GLOBAL_ACCENT_COLOR_NAME = AccentColor;
				CODE_SIGN_STYLE = Automatic;
				CURRENT_PROJECT_VERSION = 1;
				DEVELOPMENT_ASSET_PATHS = "\"Redrawee/Preview Content\"";
				DEVELOPMENT_TEAM = GSKG8LXZ46;
				ENABLE_PREVIEWS = YES;
				GENERATE_INFOPLIST_FILE = YES;
				INFOPLIST_KEY_UIApplicationSceneManifest_Generation = YES;
				INFOPLIST_KEY_UIApplicationSupportsIndirectInputEvents = YES;
				INFOPLIST_KEY_UILaunchScreen_Generation = YES;
				INFOPLIST_KEY_UISupportedInterfaceOrientations_iPad = "UIInterfaceOrientationPortrait UIInterfaceOrientationPortraitUpsideDown UIInterfaceOrientationLandscapeLeft UIInterfaceOrientationLandscapeRight";
				INFOPLIST_KEY_UISupportedInterfaceOrientations_iPhone = "UIInterfaceOrientationPortrait UIInterfaceOrientationLandscapeLeft UIInterfaceOrientationLandscapeRight";
				IPHONEOS_DEPLOYMENT_TARGET = 17.4;
				LD_RUNPATH_SEARCH_PATHS = (
					"$(inherited)",
					"@executable_path/Frameworks",
				);
				MARKETING_VERSION = 1.0;
				PRODUCT_BUNDLE_IDENTIFIER = eduardelenskii.SwiftUIConcepts;
				PRODUCT_NAME = "$(TARGET_NAME)";
				SUPPORTED_PLATFORMS = "iphoneos iphonesimulator";
				SUPPORTS_MACCATALYST = NO;
				SUPPORTS_MAC_DESIGNED_FOR_IPHONE_IPAD = NO;
				SWIFT_EMIT_LOC_STRINGS = YES;
				SWIFT_VERSION = 5.0;
				TARGETED_DEVICE_FAMILY = "1,2";
			};
			name = Debug;
		};
		848CAE672C4B364700AD49C3 /* Release */ = {
			isa = XCBuildConfiguration;
			buildSettings = {
				ASSETCATALOG_COMPILER_APPICON_NAME = AppIcon;
				ASSETCATALOG_COMPILER_GLOBAL_ACCENT_COLOR_NAME = AccentColor;
				CODE_SIGN_STYLE = Automatic;
				CURRENT_PROJECT_VERSION = 1;
				DEVELOPMENT_ASSET_PATHS = "\"Redrawee/Preview Content\"";
				DEVELOPMENT_TEAM = GSKG8LXZ46;
				ENABLE_PREVIEWS = YES;
				GENERATE_INFOPLIST_FILE = YES;
				INFOPLIST_KEY_UIApplicationSceneManifest_Generation = YES;
				INFOPLIST_KEY_UIApplicationSupportsIndirectInputEvents = YES;
				INFOPLIST_KEY_UILaunchScreen_Generation = YES;
				INFOPLIST_KEY_UISupportedInterfaceOrientations_iPad = "UIInterfaceOrientationPortrait UIInterfaceOrientationPortraitUpsideDown UIInterfaceOrientationLandscapeLeft UIInterfaceOrientationLandscapeRight";
				INFOPLIST_KEY_UISupportedInterfaceOrientations_iPhone = "UIInterfaceOrientationPortrait UIInterfaceOrientationLandscapeLeft UIInterfaceOrientationLandscapeRight";
				IPHONEOS_DEPLOYMENT_TARGET = 17.4;
				LD_RUNPATH_SEARCH_PATHS = (
					"$(inherited)",
					"@executable_path/Frameworks",
				);
				MARKETING_VERSION = 1.0;
				PRODUCT_BUNDLE_IDENTIFIER = eduardelenskii.SwiftUIConcepts;
				PRODUCT_NAME = "$(TARGET_NAME)";
				SUPPORTED_PLATFORMS = "iphoneos iphonesimulator";
				SUPPORTS_MACCATALYST = NO;
				SUPPORTS_MAC_DESIGNED_FOR_IPHONE_IPAD = NO;
				SWIFT_EMIT_LOC_STRINGS = YES;
				SWIFT_VERSION = 5.0;
				TARGETED_DEVICE_FAMILY = "1,2";
			};
			name = Release;
		};
/* End XCBuildConfiguration section */

/* Begin XCConfigurationList section */
		848CAE522C4B364500AD49C3 /* Build configuration list for PBXProject "Redrawee" */ = {
			isa = XCConfigurationList;
			buildConfigurations = (
				848CAE632C4B364700AD49C3 /* Debug */,
				848CAE642C4B364700AD49C3 /* Release */,
			);
			defaultConfigurationIsVisible = 0;
			defaultConfigurationName = Release;
		};
		848CAE652C4B364700AD49C3 /* Build configuration list for PBXNativeTarget "Redrawee" */ = {
			isa = XCConfigurationList;
			buildConfigurations = (
				848CAE662C4B364700AD49C3 /* Debug */,
				848CAE672C4B364700AD49C3 /* Release */,
			);
			defaultConfigurationIsVisible = 0;
			defaultConfigurationName = Release;
		};
/* End XCConfigurationList section */
	};
	rootObject = 848CAE4F2C4B364500AD49C3 /* Project object */;
}
